
Microsoft Visual Studio Solution File, Format Version 12.00
# Visual Studio Version 16
VisualStudioVersion = 16.0.30907.101
MinimumVisualStudioVersion = 10.0.40219.1
Project("{9A19103F-16F7-4668-BE54-9A1E7A4F7556}") = "UserManagement-GymBookings", "UserManagement-GymBookings\UserManagement-GymBookings.csproj", "{9839EA27-9244-4B42-A0F2-44624DA59E15}"
EndProject
Global
	GlobalSection(SolutionConfigurationPlatforms) = preSolution
		Debug|Any CPU = Debug|Any CPU
		Release|Any CPU = Release|Any CPU
	EndGlobalSection
	GlobalSection(ProjectConfigurationPlatforms) = postSolution
		{9839EA27-9244-4B42-A0F2-44624DA59E15}.Debug|Any CPU.ActiveCfg = Debug|Any CPU
		{9839EA27-9244-4B42-A0F2-44624DA59E15}.Debug|Any CPU.Build.0 = Debug|Any CPU
		{9839EA27-9244-4B42-A0F2-44624DA59E15}.Release|Any CPU.ActiveCfg = Release|Any CPU
		{9839EA27-9244-4B42-A0F2-44624DA59E15}.Release|Any CPU.Build.0 = Release|Any CPU
	EndGlobalSection
	GlobalSection(SolutionProperties) = preSolution
		HideSolutionNode = FALSE
	EndGlobalSection
	GlobalSection(ExtensibilityGlobals) = postSolution
		SolutionGuid = {DB3C2FEB-93EB-4B14-A68B-24A4AB791CDE}
	EndGlobalSection
EndGlobal
